
Microsoft Visual Studio Solution File, Format Version 12.00
# Visual Studio 14
VisualStudioVersion = 14.0.25420.1
MinimumVisualStudioVersion = 10.0.40219.1
Project("{8BC9CEB8-8B4A-11D0-8D11-00A0C91BC942}") = "SumOfTwo", "SumOfTwo\SumOfTwo.vcxproj", "{07354977-562D-4C6E-B019-C5D98AD27028}"
EndProject
Project("{8BC9CEB8-8B4A-11D0-8D11-00A0C91BC942}") = "HashTest", "HashTest\HashTest.vcxproj", "{BE475DCB-99E0-4DDB-B0D5-F9D20FA750DD}"
EndProject
Project("{8BC9CEB8-8B4A-11D0-8D11-00A0C91BC942}") = "LeetCodeProblem3", "LeetCodeProblem3\LeetCodeProblem3.vcxproj", "{072015C7-7F2F-4CBE-8F99-4E79EC26B78B}"
EndProject
Project("{8BC9CEB8-8B4A-11D0-8D11-00A0C91BC942}") = "LeetCodeProblems4", "LeetCodeProblems4\LeetCodeProblems4.vcxproj", "{8C890091-85B4-413C-B986-21F7598B69DF}"
EndProject
Project("{8BC9CEB8-8B4A-11D0-8D11-00A0C91BC942}") = "LeetCodeProblem5", "LeetCodeProblem5\LeetCodeProblem5.vcxproj", "{8CC8864C-FED6-40BE-AD16-15BCE10417CE}"
EndProject
Project("{8BC9CEB8-8B4A-11D0-8D11-00A0C91BC942}") = "LeetCodeProblems6", "LeetCodeProblems6\LeetCodeProblems6.vcxproj", "{E2E4870D-CEE2-4FEB-9A76-3BAB47160733}"
EndProject
Project("{8BC9CEB8-8B4A-11D0-8D11-00A0C91BC942}") = "Problem67", "Problem67\Problem67.vcxproj", "{7B2570DC-CE04-4182-AD49-AD5C4FBE0784}"
EndProject
Project("{8BC9CEB8-8B4A-11D0-8D11-00A0C91BC942}") = "Problem126", "Problem124\Problem124.vcxproj", "{551B340B-9C21-497C-9AA1-2E59766A2092}"
EndProject
Project("{8BC9CEB8-8B4A-11D0-8D11-00A0C91BC942}") = "Problem16", "Problem16\Problem16.vcxproj", "{7852C6D1-8AFD-4FF2-8AF3-A793B9E5C062}"
EndProject
Project("{8BC9CEB8-8B4A-11D0-8D11-00A0C91BC942}") = "Problem209", "Problem209\Problem209.vcxproj", "{39EF8C58-8197-4B1D-8479-88C8C3E22A93}"
EndProject
Project("{8BC9CEB8-8B4A-11D0-8D11-00A0C91BC942}") = "O-09", "O-09\O-09.vcxproj", "{450E7DB2-9B2D-47C4-940A-F65E0956ED83}"
EndProject
Project("{8BC9CEB8-8B4A-11D0-8D11-00A0C91BC942}") = "RegularExpression", "RegularExpression\RegularExpression.vcxproj", "{0F12FC80-A66A-4EDB-869C-C7458B9833D6}"
EndProject
Project("{8BC9CEB8-8B4A-11D0-8D11-00A0C91BC942}") = "Leetcode309", "Leetcode309\Leetcode309.vcxproj", "{B6DEF8C6-DF10-45B3-B31F-B77467250CA6}"
EndProject
Project("{8BC9CEB8-8B4A-11D0-8D11-00A0C91BC942}") = "Problem07", "Problem07\Problem07.vcxproj", "{A01501EE-21B1-4433-81B7-A5F8C1E2C1E8}"
EndProject
Project("{8BC9CEB8-8B4A-11D0-8D11-00A0C91BC942}") = "Problem08", "Problem08\Problem08.vcxproj", "{B9EE84A6-35F9-4CD9-B10E-579E676C63DE}"
EndProject
Project("{8BC9CEB8-8B4A-11D0-8D11-00A0C91BC942}") = "Problem09", "Problem09\Problem09.vcxproj", "{539F16CF-9EFA-42FA-9E9E-215B0F5A8D45}"
EndProject
Project("{8BC9CEB8-8B4A-11D0-8D11-00A0C91BC942}") = "Problem10", "Problem10\Problem10.vcxproj", "{4DA36B56-EA78-4C6B-8F53-2B31F0AEC237}"
EndProject
Project("{8BC9CEB8-8B4A-11D0-8D11-00A0C91BC942}") = "Problem154", "Problem154\Problem154.vcxproj", "{29C09423-7872-4416-93C2-5504E94C8A68}"
EndProject
Project("{8BC9CEB8-8B4A-11D0-8D11-00A0C91BC942}") = "Problem11", "Problem11\Problem11.vcxproj", "{CAAB76E3-3C9E-4819-8714-AEABF8F9B280}"
EndProject
Project("{8BC9CEB8-8B4A-11D0-8D11-00A0C91BC942}") = "Problem12", "Problem12\Problem12.vcxproj", "{42B530E2-F036-4D19-9F0D-67EF657E46CC}"
EndProject
Project("{8BC9CEB8-8B4A-11D0-8D11-00A0C91BC942}") = "Problem64", "Problem64\Problem64.vcxproj", "{7D8DCB11-8246-46C7-948C-B19F024423EA}"
EndProject
Project("{8BC9CEB8-8B4A-11D0-8D11-00A0C91BC942}") = "Problem13", "Problem13\Problem13.vcxproj", "{5AA92320-7FF9-48AD-90EB-3E35A003655A}"
EndProject
Project("{8BC9CEB8-8B4A-11D0-8D11-00A0C91BC942}") = "Problem14", "Problem14\Problem14.vcxproj", "{B4B3432A-070E-4D92-BC9C-34ED1F681030}"
EndProject
Project("{8BC9CEB8-8B4A-11D0-8D11-00A0C91BC942}") = "Problem15", "Problem15\Problem15.vcxproj", "{D47CB5E8-827A-4879-8661-EA64E8497F35}"
EndProject
Project("{8BC9CEB8-8B4A-11D0-8D11-00A0C91BC942}") = "problem17", "problem17\problem17.vcxproj", "{AEEFFA73-CB6B-4C63-BD00-BEF89E3FFA66}"
EndProject
Project("{8BC9CEB8-8B4A-11D0-8D11-00A0C91BC942}") = "problem18", "problem18\problem18.vcxproj", "{193410AB-057C-439D-939C-D8AE05C5F6E0}"
EndProject
Project("{8BC9CEB8-8B4A-11D0-8D11-00A0C91BC942}") = "Problem19", "Problem19\Problem19.vcxproj", "{4940E013-5863-4FE3-90BF-35240C275A48}"
EndProject
Project("{8BC9CEB8-8B4A-11D0-8D11-00A0C91BC942}") = "problem20", "problem20\problem20.vcxproj", "{D08A7ACD-2C1D-4048-9D7F-829EA98FE8AA}"
EndProject
Project("{8BC9CEB8-8B4A-11D0-8D11-00A0C91BC942}") = "Leetcode-flush", "Leetcode-flush\Leetcode-flush.vcxproj", "{A3975ECE-3AEC-4DD6-B0F1-CC78836D3122}"
EndProject
Project("{8BC9CEB8-8B4A-11D0-8D11-00A0C91BC942}") = "basictest", "basictest\basictest.vcxproj", "{113F17DC-5D95-4F41-BD78-C8FD03E542AA}"
EndProject
Global
	GlobalSection(SolutionConfigurationPlatforms) = preSolution
		Debug|x64 = Debug|x64
		Debug|x86 = Debug|x86
		Release|x64 = Release|x64
		Release|x86 = Release|x86
	EndGlobalSection
	GlobalSection(ProjectConfigurationPlatforms) = postSolution
		{07354977-562D-4C6E-B019-C5D98AD27028}.Debug|x64.ActiveCfg = Debug|x64
		{07354977-562D-4C6E-B019-C5D98AD27028}.Debug|x64.Build.0 = Debug|x64
		{07354977-562D-4C6E-B019-C5D98AD27028}.Debug|x86.ActiveCfg = Debug|Win32
		{07354977-562D-4C6E-B019-C5D98AD27028}.Debug|x86.Build.0 = Debug|Win32
		{07354977-562D-4C6E-B019-C5D98AD27028}.Release|x64.ActiveCfg = Release|x64
		{07354977-562D-4C6E-B019-C5D98AD27028}.Release|x64.Build.0 = Release|x64
		{07354977-562D-4C6E-B019-C5D98AD27028}.Release|x86.ActiveCfg = Release|Win32
		{07354977-562D-4C6E-B019-C5D98AD27028}.Release|x86.Build.0 = Release|Win32
		{BE475DCB-99E0-4DDB-B0D5-F9D20FA750DD}.Debug|x64.ActiveCfg = Debug|x64
		{BE475DCB-99E0-4DDB-B0D5-F9D20FA750DD}.Debug|x64.Build.0 = Debug|x64
		{BE475DCB-99E0-4DDB-B0D5-F9D20FA750DD}.Debug|x86.ActiveCfg = Debug|Win32
		{BE475DCB-99E0-4DDB-B0D5-F9D20FA750DD}.Debug|x86.Build.0 = Debug|Win32
		{BE475DCB-99E0-4DDB-B0D5-F9D20FA750DD}.Release|x64.ActiveCfg = Release|x64
		{BE475DCB-99E0-4DDB-B0D5-F9D20FA750DD}.Release|x64.Build.0 = Release|x64
		{BE475DCB-99E0-4DDB-B0D5-F9D20FA750DD}.Release|x86.ActiveCfg = Release|Win32
		{BE475DCB-99E0-4DDB-B0D5-F9D20FA750DD}.Release|x86.Build.0 = Release|Win32
		{072015C7-7F2F-4CBE-8F99-4E79EC26B78B}.Debug|x64.ActiveCfg = Debug|x64
		{072015C7-7F2F-4CBE-8F99-4E79EC26B78B}.Debug|x64.Build.0 = Debug|x64
		{072015C7-7F2F-4CBE-8F99-4E79EC26B78B}.Debug|x86.ActiveCfg = Debug|Win32
		{072015C7-7F2F-4CBE-8F99-4E79EC26B78B}.Debug|x86.Build.0 = Debug|Win32
		{072015C7-7F2F-4CBE-8F99-4E79EC26B78B}.Release|x64.ActiveCfg = Release|x64
		{072015C7-7F2F-4CBE-8F99-4E79EC26B78B}.Release|x64.Build.0 = Release|x64
		{072015C7-7F2F-4CBE-8F99-4E79EC26B78B}.Release|x86.ActiveCfg = Release|Win32
		{072015C7-7F2F-4CBE-8F99-4E79EC26B78B}.Release|x86.Build.0 = Release|Win32
		{8C890091-85B4-413C-B986-21F7598B69DF}.Debug|x64.ActiveCfg = Debug|x64
		{8C890091-85B4-413C-B986-21F7598B69DF}.Debug|x64.Build.0 = Debug|x64
		{8C890091-85B4-413C-B986-21F7598B69DF}.Debug|x86.ActiveCfg = Debug|Win32
		{8C890091-85B4-413C-B986-21F7598B69DF}.Debug|x86.Build.0 = Debug|Win32
		{8C890091-85B4-413C-B986-21F7598B69DF}.Release|x64.ActiveCfg = Release|x64
		{8C890091-85B4-413C-B986-21F7598B69DF}.Release|x64.Build.0 = Release|x64
		{8C890091-85B4-413C-B986-21F7598B69DF}.Release|x86.ActiveCfg = Release|Win32
		{8C890091-85B4-413C-B986-21F7598B69DF}.Release|x86.Build.0 = Release|Win32
		{8CC8864C-FED6-40BE-AD16-15BCE10417CE}.Debug|x64.ActiveCfg = Debug|x64
		{8CC8864C-FED6-40BE-AD16-15BCE10417CE}.Debug|x64.Build.0 = Debug|x64
		{8CC8864C-FED6-40BE-AD16-15BCE10417CE}.Debug|x86.ActiveCfg = Debug|Win32
		{8CC8864C-FED6-40BE-AD16-15BCE10417CE}.Debug|x86.Build.0 = Debug|Win32
		{8CC8864C-FED6-40BE-AD16-15BCE10417CE}.Release|x64.ActiveCfg = Release|x64
		{8CC8864C-FED6-40BE-AD16-15BCE10417CE}.Release|x64.Build.0 = Release|x64
		{8CC8864C-FED6-40BE-AD16-15BCE10417CE}.Release|x86.ActiveCfg = Release|Win32
		{8CC8864C-FED6-40BE-AD16-15BCE10417CE}.Release|x86.Build.0 = Release|Win32
		{E2E4870D-CEE2-4FEB-9A76-3BAB47160733}.Debug|x64.ActiveCfg = Debug|x64
		{E2E4870D-CEE2-4FEB-9A76-3BAB47160733}.Debug|x64.Build.0 = Debug|x64
		{E2E4870D-CEE2-4FEB-9A76-3BAB47160733}.Debug|x86.ActiveCfg = Debug|Win32
		{E2E4870D-CEE2-4FEB-9A76-3BAB47160733}.Debug|x86.Build.0 = Debug|Win32
		{E2E4870D-CEE2-4FEB-9A76-3BAB47160733}.Release|x64.ActiveCfg = Release|x64
		{E2E4870D-CEE2-4FEB-9A76-3BAB47160733}.Release|x64.Build.0 = Release|x64
		{E2E4870D-CEE2-4FEB-9A76-3BAB47160733}.Release|x86.ActiveCfg = Release|Win32
		{E2E4870D-CEE2-4FEB-9A76-3BAB47160733}.Release|x86.Build.0 = Release|Win32
		{7B2570DC-CE04-4182-AD49-AD5C4FBE0784}.Debug|x64.ActiveCfg = Debug|x64
		{7B2570DC-CE04-4182-AD49-AD5C4FBE0784}.Debug|x64.Build.0 = Debug|x64
		{7B2570DC-CE04-4182-AD49-AD5C4FBE0784}.Debug|x86.ActiveCfg = Debug|Win32
		{7B2570DC-CE04-4182-AD49-AD5C4FBE0784}.Debug|x86.Build.0 = Debug|Win32
		{7B2570DC-CE04-4182-AD49-AD5C4FBE0784}.Release|x64.ActiveCfg = Release|x64
		{7B2570DC-CE04-4182-AD49-AD5C4FBE0784}.Release|x64.Build.0 = Release|x64
		{7B2570DC-CE04-4182-AD49-AD5C4FBE0784}.Release|x86.ActiveCfg = Release|Win32
		{7B2570DC-CE04-4182-AD49-AD5C4FBE0784}.Release|x86.Build.0 = Release|Win32
		{551B340B-9C21-497C-9AA1-2E59766A2092}.Debug|x64.ActiveCfg = Debug|x64
		{551B340B-9C21-497C-9AA1-2E59766A2092}.Debug|x64.Build.0 = Debug|x64
		{551B340B-9C21-497C-9AA1-2E59766A2092}.Debug|x86.ActiveCfg = Debug|Win32
		{551B340B-9C21-497C-9AA1-2E59766A2092}.Debug|x86.Build.0 = Debug|Win32
		{551B340B-9C21-497C-9AA1-2E59766A2092}.Release|x64.ActiveCfg = Release|x64
		{551B340B-9C21-497C-9AA1-2E59766A2092}.Release|x64.Build.0 = Release|x64
		{551B340B-9C21-497C-9AA1-2E59766A2092}.Release|x86.ActiveCfg = Release|Win32
		{551B340B-9C21-497C-9AA1-2E59766A2092}.Release|x86.Build.0 = Release|Win32
		{7852C6D1-8AFD-4FF2-8AF3-A793B9E5C062}.Debug|x64.ActiveCfg = Debug|x64
		{7852C6D1-8AFD-4FF2-8AF3-A793B9E5C062}.Debug|x64.Build.0 = Debug|x64
		{7852C6D1-8AFD-4FF2-8AF3-A793B9E5C062}.Debug|x86.ActiveCfg = Debug|Win32
		{7852C6D1-8AFD-4FF2-8AF3-A793B9E5C062}.Debug|x86.Build.0 = Debug|Win32
		{7852C6D1-8AFD-4FF2-8AF3-A793B9E5C062}.Release|x64.ActiveCfg = Release|x64
		{7852C6D1-8AFD-4FF2-8AF3-A793B9E5C062}.Release|x64.Build.0 = Release|x64
		{7852C6D1-8AFD-4FF2-8AF3-A793B9E5C062}.Release|x86.ActiveCfg = Release|Win32
		{7852C6D1-8AFD-4FF2-8AF3-A793B9E5C062}.Release|x86.Build.0 = Release|Win32
		{39EF8C58-8197-4B1D-8479-88C8C3E22A93}.Debug|x64.ActiveCfg = Debug|x64
		{39EF8C58-8197-4B1D-8479-88C8C3E22A93}.Debug|x64.Build.0 = Debug|x64
		{39EF8C58-8197-4B1D-8479-88C8C3E22A93}.Debug|x86.ActiveCfg = Debug|Win32
		{39EF8C58-8197-4B1D-8479-88C8C3E22A93}.Debug|x86.Build.0 = Debug|Win32
		{39EF8C58-8197-4B1D-8479-88C8C3E22A93}.Release|x64.ActiveCfg = Release|x64
		{39EF8C58-8197-4B1D-8479-88C8C3E22A93}.Release|x64.Build.0 = Release|x64
		{39EF8C58-8197-4B1D-8479-88C8C3E22A93}.Release|x86.ActiveCfg = Release|Win32
		{39EF8C58-8197-4B1D-8479-88C8C3E22A93}.Release|x86.Build.0 = Release|Win32
		{450E7DB2-9B2D-47C4-940A-F65E0956ED83}.Debug|x64.ActiveCfg = Debug|x64
		{450E7DB2-9B2D-47C4-940A-F65E0956ED83}.Debug|x64.Build.0 = Debug|x64
		{450E7DB2-9B2D-47C4-940A-F65E0956ED83}.Debug|x86.ActiveCfg = Debug|Win32
		{450E7DB2-9B2D-47C4-940A-F65E0956ED83}.Debug|x86.Build.0 = Debug|Win32
		{450E7DB2-9B2D-47C4-940A-F65E0956ED83}.Release|x64.ActiveCfg = Release|x64
		{450E7DB2-9B2D-47C4-940A-F65E0956ED83}.Release|x64.Build.0 = Release|x64
		{450E7DB2-9B2D-47C4-940A-F65E0956ED83}.Release|x86.ActiveCfg = Release|Win32
		{450E7DB2-9B2D-47C4-940A-F65E0956ED83}.Release|x86.Build.0 = Release|Win32
		{0F12FC80-A66A-4EDB-869C-C7458B9833D6}.Debug|x64.ActiveCfg = Debug|x64
		{0F12FC80-A66A-4EDB-869C-C7458B9833D6}.Debug|x64.Build.0 = Debug|x64
		{0F12FC80-A66A-4EDB-869C-C7458B9833D6}.Debug|x86.ActiveCfg = Debug|Win32
		{0F12FC80-A66A-4EDB-869C-C7458B9833D6}.Debug|x86.Build.0 = Debug|Win32
		{0F12FC80-A66A-4EDB-869C-C7458B9833D6}.Release|x64.ActiveCfg = Release|x64
		{0F12FC80-A66A-4EDB-869C-C7458B9833D6}.Release|x64.Build.0 = Release|x64
		{0F12FC80-A66A-4EDB-869C-C7458B9833D6}.Release|x86.ActiveCfg = Release|Win32
		{0F12FC80-A66A-4EDB-869C-C7458B9833D6}.Release|x86.Build.0 = Release|Win32
		{B6DEF8C6-DF10-45B3-B31F-B77467250CA6}.Debug|x64.ActiveCfg = Debug|x64
		{B6DEF8C6-DF10-45B3-B31F-B77467250CA6}.Debug|x64.Build.0 = Debug|x64
		{B6DEF8C6-DF10-45B3-B31F-B77467250CA6}.Debug|x86.ActiveCfg = Debug|Win32
		{B6DEF8C6-DF10-45B3-B31F-B77467250CA6}.Debug|x86.Build.0 = Debug|Win32
		{B6DEF8C6-DF10-45B3-B31F-B77467250CA6}.Release|x64.ActiveCfg = Release|x64
		{B6DEF8C6-DF10-45B3-B31F-B77467250CA6}.Release|x64.Build.0 = Release|x64
		{B6DEF8C6-DF10-45B3-B31F-B77467250CA6}.Release|x86.ActiveCfg = Release|Win32
		{B6DEF8C6-DF10-45B3-B31F-B77467250CA6}.Release|x86.Build.0 = Release|Win32
		{A01501EE-21B1-4433-81B7-A5F8C1E2C1E8}.Debug|x64.ActiveCfg = Debug|x64
		{A01501EE-21B1-4433-81B7-A5F8C1E2C1E8}.Debug|x64.Build.0 = Debug|x64
		{A01501EE-21B1-4433-81B7-A5F8C1E2C1E8}.Debug|x86.ActiveCfg = Debug|Win32
		{A01501EE-21B1-4433-81B7-A5F8C1E2C1E8}.Debug|x86.Build.0 = Debug|Win32
		{A01501EE-21B1-4433-81B7-A5F8C1E2C1E8}.Release|x64.ActiveCfg = Release|x64
		{A01501EE-21B1-4433-81B7-A5F8C1E2C1E8}.Release|x64.Build.0 = Release|x64
		{A01501EE-21B1-4433-81B7-A5F8C1E2C1E8}.Release|x86.ActiveCfg = Release|Win32
		{A01501EE-21B1-4433-81B7-A5F8C1E2C1E8}.Release|x86.Build.0 = Release|Win32
		{B9EE84A6-35F9-4CD9-B10E-579E676C63DE}.Debug|x64.ActiveCfg = Debug|x64
		{B9EE84A6-35F9-4CD9-B10E-579E676C63DE}.Debug|x64.Build.0 = Debug|x64
		{B9EE84A6-35F9-4CD9-B10E-579E676C63DE}.Debug|x86.ActiveCfg = Debug|Win32
		{B9EE84A6-35F9-4CD9-B10E-579E676C63DE}.Debug|x86.Build.0 = Debug|Win32
		{B9EE84A6-35F9-4CD9-B10E-579E676C63DE}.Release|x64.ActiveCfg = Release|x64
		{B9EE84A6-35F9-4CD9-B10E-579E676C63DE}.Release|x64.Build.0 = Release|x64
		{B9EE84A6-35F9-4CD9-B10E-579E676C63DE}.Release|x86.ActiveCfg = Release|Win32
		{B9EE84A6-35F9-4CD9-B10E-579E676C63DE}.Release|x86.Build.0 = Release|Win32
		{539F16CF-9EFA-42FA-9E9E-215B0F5A8D45}.Debug|x64.ActiveCfg = Debug|x64
		{539F16CF-9EFA-42FA-9E9E-215B0F5A8D45}.Debug|x64.Build.0 = Debug|x64
		{539F16CF-9EFA-42FA-9E9E-215B0F5A8D45}.Debug|x86.ActiveCfg = Debug|Win32
		{539F16CF-9EFA-42FA-9E9E-215B0F5A8D45}.Debug|x86.Build.0 = Debug|Win32
		{539F16CF-9EFA-42FA-9E9E-215B0F5A8D45}.Release|x64.ActiveCfg = Release|x64
		{539F16CF-9EFA-42FA-9E9E-215B0F5A8D45}.Release|x64.Build.0 = Release|x64
		{539F16CF-9EFA-42FA-9E9E-215B0F5A8D45}.Release|x86.ActiveCfg = Release|Win32
		{539F16CF-9EFA-42FA-9E9E-215B0F5A8D45}.Release|x86.Build.0 = Release|Win32
		{4DA36B56-EA78-4C6B-8F53-2B31F0AEC237}.Debug|x64.ActiveCfg = Debug|x64
		{4DA36B56-EA78-4C6B-8F53-2B31F0AEC237}.Debug|x64.Build.0 = Debug|x64
		{4DA36B56-EA78-4C6B-8F53-2B31F0AEC237}.Debug|x86.ActiveCfg = Debug|Win32
		{4DA36B56-EA78-4C6B-8F53-2B31F0AEC237}.Debug|x86.Build.0 = Debug|Win32
		{4DA36B56-EA78-4C6B-8F53-2B31F0AEC237}.Release|x64.ActiveCfg = Release|x64
		{4DA36B56-EA78-4C6B-8F53-2B31F0AEC237}.Release|x64.Build.0 = Release|x64
		{4DA36B56-EA78-4C6B-8F53-2B31F0AEC237}.Release|x86.ActiveCfg = Release|Win32
		{4DA36B56-EA78-4C6B-8F53-2B31F0AEC237}.Release|x86.Build.0 = Release|Win32
		{29C09423-7872-4416-93C2-5504E94C8A68}.Debug|x64.ActiveCfg = Debug|x64
		{29C09423-7872-4416-93C2-5504E94C8A68}.Debug|x64.Build.0 = Debug|x64
		{29C09423-7872-4416-93C2-5504E94C8A68}.Debug|x86.ActiveCfg = Debug|Win32
		{29C09423-7872-4416-93C2-5504E94C8A68}.Debug|x86.Build.0 = Debug|Win32
		{29C09423-7872-4416-93C2-5504E94C8A68}.Release|x64.ActiveCfg = Release|x64
		{29C09423-7872-4416-93C2-5504E94C8A68}.Release|x64.Build.0 = Release|x64
		{29C09423-7872-4416-93C2-5504E94C8A68}.Release|x86.ActiveCfg = Release|Win32
		{29C09423-7872-4416-93C2-5504E94C8A68}.Release|x86.Build.0 = Release|Win32
		{CAAB76E3-3C9E-4819-8714-AEABF8F9B280}.Debug|x64.ActiveCfg = Debug|x64
		{CAAB76E3-3C9E-4819-8714-AEABF8F9B280}.Debug|x64.Build.0 = Debug|x64
		{CAAB76E3-3C9E-4819-8714-AEABF8F9B280}.Debug|x86.ActiveCfg = Debug|Win32
		{CAAB76E3-3C9E-4819-8714-AEABF8F9B280}.Debug|x86.Build.0 = Debug|Win32
		{CAAB76E3-3C9E-4819-8714-AEABF8F9B280}.Release|x64.ActiveCfg = Release|x64
		{CAAB76E3-3C9E-4819-8714-AEABF8F9B280}.Release|x64.Build.0 = Release|x64
		{CAAB76E3-3C9E-4819-8714-AEABF8F9B280}.Release|x86.ActiveCfg = Release|Win32
		{CAAB76E3-3C9E-4819-8714-AEABF8F9B280}.Release|x86.Build.0 = Release|Win32
		{42B530E2-F036-4D19-9F0D-67EF657E46CC}.Debug|x64.ActiveCfg = Debug|x64
		{42B530E2-F036-4D19-9F0D-67EF657E46CC}.Debug|x64.Build.0 = Debug|x64
		{42B530E2-F036-4D19-9F0D-67EF657E46CC}.Debug|x86.ActiveCfg = Debug|Win32
		{42B530E2-F036-4D19-9F0D-67EF657E46CC}.Debug|x86.Build.0 = Debug|Win32
		{42B530E2-F036-4D19-9F0D-67EF657E46CC}.Release|x64.ActiveCfg = Release|x64
		{42B530E2-F036-4D19-9F0D-67EF657E46CC}.Release|x64.Build.0 = Release|x64
		{42B530E2-F036-4D19-9F0D-67EF657E46CC}.Release|x86.ActiveCfg = Release|Win32
		{42B530E2-F036-4D19-9F0D-67EF657E46CC}.Release|x86.Build.0 = Release|Win32
		{7D8DCB11-8246-46C7-948C-B19F024423EA}.Debug|x64.ActiveCfg = Debug|x64
		{7D8DCB11-8246-46C7-948C-B19F024423EA}.Debug|x64.Build.0 = Debug|x64
		{7D8DCB11-8246-46C7-948C-B19F024423EA}.Debug|x86.ActiveCfg = Debug|Win32
		{7D8DCB11-8246-46C7-948C-B19F024423EA}.Debug|x86.Build.0 = Debug|Win32
		{7D8DCB11-8246-46C7-948C-B19F024423EA}.Release|x64.ActiveCfg = Release|x64
		{7D8DCB11-8246-46C7-948C-B19F024423EA}.Release|x64.Build.0 = Release|x64
		{7D8DCB11-8246-46C7-948C-B19F024423EA}.Release|x86.ActiveCfg = Release|Win32
		{7D8DCB11-8246-46C7-948C-B19F024423EA}.Release|x86.Build.0 = Release|Win32
		{5AA92320-7FF9-48AD-90EB-3E35A003655A}.Debug|x64.ActiveCfg = Debug|x64
		{5AA92320-7FF9-48AD-90EB-3E35A003655A}.Debug|x64.Build.0 = Debug|x64
		{5AA92320-7FF9-48AD-90EB-3E35A003655A}.Debug|x86.ActiveCfg = Debug|Win32
		{5AA92320-7FF9-48AD-90EB-3E35A003655A}.Debug|x86.Build.0 = Debug|Win32
		{5AA92320-7FF9-48AD-90EB-3E35A003655A}.Release|x64.ActiveCfg = Release|x64
		{5AA92320-7FF9-48AD-90EB-3E35A003655A}.Release|x64.Build.0 = Release|x64
		{5AA92320-7FF9-48AD-90EB-3E35A003655A}.Release|x86.ActiveCfg = Release|Win32
		{5AA92320-7FF9-48AD-90EB-3E35A003655A}.Release|x86.Build.0 = Release|Win32
		{B4B3432A-070E-4D92-BC9C-34ED1F681030}.Debug|x64.ActiveCfg = Debug|x64
		{B4B3432A-070E-4D92-BC9C-34ED1F681030}.Debug|x64.Build.0 = Debug|x64
		{B4B3432A-070E-4D92-BC9C-34ED1F681030}.Debug|x86.ActiveCfg = Debug|Win32
		{B4B3432A-070E-4D92-BC9C-34ED1F681030}.Debug|x86.Build.0 = Debug|Win32
		{B4B3432A-070E-4D92-BC9C-34ED1F681030}.Release|x64.ActiveCfg = Release|x64
		{B4B3432A-070E-4D92-BC9C-34ED1F681030}.Release|x64.Build.0 = Release|x64
		{B4B3432A-070E-4D92-BC9C-34ED1F681030}.Release|x86.ActiveCfg = Release|Win32
		{B4B3432A-070E-4D92-BC9C-34ED1F681030}.Release|x86.Build.0 = Release|Win32
		{D47CB5E8-827A-4879-8661-EA64E8497F35}.Debug|x64.ActiveCfg = Debug|x64
		{D47CB5E8-827A-4879-8661-EA64E8497F35}.Debug|x64.Build.0 = Debug|x64
		{D47CB5E8-827A-4879-8661-EA64E8497F35}.Debug|x86.ActiveCfg = Debug|Win32
		{D47CB5E8-827A-4879-8661-EA64E8497F35}.Debug|x86.Build.0 = Debug|Win32
		{D47CB5E8-827A-4879-8661-EA64E8497F35}.Release|x64.ActiveCfg = Release|x64
		{D47CB5E8-827A-4879-8661-EA64E8497F35}.Release|x64.Build.0 = Release|x64
		{D47CB5E8-827A-4879-8661-EA64E8497F35}.Release|x86.ActiveCfg = Release|Win32
		{D47CB5E8-827A-4879-8661-EA64E8497F35}.Release|x86.Build.0 = Release|Win32
		{AEEFFA73-CB6B-4C63-BD00-BEF89E3FFA66}.Debug|x64.ActiveCfg = Debug|x64
		{AEEFFA73-CB6B-4C63-BD00-BEF89E3FFA66}.Debug|x64.Build.0 = Debug|x64
		{AEEFFA73-CB6B-4C63-BD00-BEF89E3FFA66}.Debug|x86.ActiveCfg = Debug|Win32
		{AEEFFA73-CB6B-4C63-BD00-BEF89E3FFA66}.Debug|x86.Build.0 = Debug|Win32
		{AEEFFA73-CB6B-4C63-BD00-BEF89E3FFA66}.Release|x64.ActiveCfg = Release|x64
		{AEEFFA73-CB6B-4C63-BD00-BEF89E3FFA66}.Release|x64.Build.0 = Release|x64
		{AEEFFA73-CB6B-4C63-BD00-BEF89E3FFA66}.Release|x86.ActiveCfg = Release|Win32
		{AEEFFA73-CB6B-4C63-BD00-BEF89E3FFA66}.Release|x86.Build.0 = Release|Win32
		{193410AB-057C-439D-939C-D8AE05C5F6E0}.Debug|x64.ActiveCfg = Debug|x64
		{193410AB-057C-439D-939C-D8AE05C5F6E0}.Debug|x64.Build.0 = Debug|x64
		{193410AB-057C-439D-939C-D8AE05C5F6E0}.Debug|x86.ActiveCfg = Debug|Win32
		{193410AB-057C-439D-939C-D8AE05C5F6E0}.Debug|x86.Build.0 = Debug|Win32
		{193410AB-057C-439D-939C-D8AE05C5F6E0}.Release|x64.ActiveCfg = Release|x64
		{193410AB-057C-439D-939C-D8AE05C5F6E0}.Release|x64.Build.0 = Release|x64
		{193410AB-057C-439D-939C-D8AE05C5F6E0}.Release|x86.ActiveCfg = Release|Win32
		{193410AB-057C-439D-939C-D8AE05C5F6E0}.Release|x86.Build.0 = Release|Win32
		{4940E013-5863-4FE3-90BF-35240C275A48}.Debug|x64.ActiveCfg = Debug|x64
		{4940E013-5863-4FE3-90BF-35240C275A48}.Debug|x64.Build.0 = Debug|x64
		{4940E013-5863-4FE3-90BF-35240C275A48}.Debug|x86.ActiveCfg = Debug|Win32
		{4940E013-5863-4FE3-90BF-35240C275A48}.Debug|x86.Build.0 = Debug|Win32
		{4940E013-5863-4FE3-90BF-35240C275A48}.Release|x64.ActiveCfg = Release|x64
		{4940E013-5863-4FE3-90BF-35240C275A48}.Release|x64.Build.0 = Release|x64
		{4940E013-5863-4FE3-90BF-35240C275A48}.Release|x86.ActiveCfg = Release|Win32
		{4940E013-5863-4FE3-90BF-35240C275A48}.Release|x86.Build.0 = Release|Win32
		{D08A7ACD-2C1D-4048-9D7F-829EA98FE8AA}.Debug|x64.ActiveCfg = Debug|x64
		{D08A7ACD-2C1D-4048-9D7F-829EA98FE8AA}.Debug|x64.Build.0 = Debug|x64
		{D08A7ACD-2C1D-4048-9D7F-829EA98FE8AA}.Debug|x86.ActiveCfg = Debug|Win32
		{D08A7ACD-2C1D-4048-9D7F-829EA98FE8AA}.Debug|x86.Build.0 = Debug|Win32
		{D08A7ACD-2C1D-4048-9D7F-829EA98FE8AA}.Release|x64.ActiveCfg = Release|x64
		{D08A7ACD-2C1D-4048-9D7F-829EA98FE8AA}.Release|x64.Build.0 = Release|x64
		{D08A7ACD-2C1D-4048-9D7F-829EA98FE8AA}.Release|x86.ActiveCfg = Release|Win32
		{D08A7ACD-2C1D-4048-9D7F-829EA98FE8AA}.Release|x86.Build.0 = Release|Win32
		{A3975ECE-3AEC-4DD6-B0F1-CC78836D3122}.Debug|x64.ActiveCfg = Debug|x64
		{A3975ECE-3AEC-4DD6-B0F1-CC78836D3122}.Debug|x64.Build.0 = Debug|x64
		{A3975ECE-3AEC-4DD6-B0F1-CC78836D3122}.Debug|x86.ActiveCfg = Debug|Win32
		{A3975ECE-3AEC-4DD6-B0F1-CC78836D3122}.Debug|x86.Build.0 = Debug|Win32
		{A3975ECE-3AEC-4DD6-B0F1-CC78836D3122}.Release|x64.ActiveCfg = Release|x64
		{A3975ECE-3AEC-4DD6-B0F1-CC78836D3122}.Release|x64.Build.0 = Release|x64
		{A3975ECE-3AEC-4DD6-B0F1-CC78836D3122}.Release|x86.ActiveCfg = Release|Win32
		{A3975ECE-3AEC-4DD6-B0F1-CC78836D3122}.Release|x86.Build.0 = Release|Win32
		{113F17DC-5D95-4F41-BD78-C8FD03E542AA}.Debug|x64.ActiveCfg = Debug|x64
		{113F17DC-5D95-4F41-BD78-C8FD03E542AA}.Debug|x64.Build.0 = Debug|x64
		{113F17DC-5D95-4F41-BD78-C8FD03E542AA}.Debug|x86.ActiveCfg = Debug|Win32
		{113F17DC-5D95-4F41-BD78-C8FD03E542AA}.Debug|x86.Build.0 = Debug|Win32
		{113F17DC-5D95-4F41-BD78-C8FD03E542AA}.Release|x64.ActiveCfg = Release|x64
		{113F17DC-5D95-4F41-BD78-C8FD03E542AA}.Release|x64.Build.0 = Release|x64
		{113F17DC-5D95-4F41-BD78-C8FD03E542AA}.Release|x86.ActiveCfg = Release|Win32
		{113F17DC-5D95-4F41-BD78-C8FD03E542AA}.Release|x86.Build.0 = Release|Win32
	EndGlobalSection
	GlobalSection(SolutionProperties) = preSolution
		HideSolutionNode = FALSE
	EndGlobalSection
EndGlobal
